{
  "version": "4",
  "specifiers": {
    "jsr:@std/crypto@*": "1.0.3",
    "jsr:@std/dotenv@*": "0.225.3",
    "jsr:@std/fs@*": "1.0.6",
    "jsr:@std/path@^1.0.8": "1.0.8",
    "npm:@octokit/core@*": "6.1.2",
    "npm:@types/node@*": "22.5.4"
  },
  "jsr": {
    "@std/crypto@1.0.3": {
      "integrity": "a2a32f51ddef632d299e3879cd027c630dcd4d1d9a5285d6e6788072f4e51e7f"
    },
    "@std/dotenv@0.225.3": {
      "integrity": "a95e5b812c27b0854c52acbae215856d9cce9d4bbf774d938c51d212711e8d4a"
    },
    "@std/fs@1.0.6": {
      "integrity": "42b56e1e41b75583a21d5a37f6a6a27de9f510bcd36c0c85791d685ca0b85fa2",
      "dependencies": [
        "jsr:@std/path"
      ]
    },
    "@std/path@1.0.8": {
      "integrity": "548fa456bb6a04d3c1a1e7477986b6cffbce95102d0bb447c67c4ee70e0364be"
    }
  },
  "npm": {
    "@octokit/auth-token@5.1.1": {
      "integrity": "sha512-rh3G3wDO8J9wSjfI436JUKzHIxq8NaiL0tVeB2aXmG6p/9859aUOAjA9pmSPNGGZxfwmaJ9ozOJImuNVJdpvbA=="
    },
    "@octokit/core@6.1.2": {
      "integrity": "sha512-hEb7Ma4cGJGEUNOAVmyfdB/3WirWMg5hDuNFVejGEDFqupeOysLc2sG6HJxY2etBp5YQu5Wtxwi020jS9xlUwg==",
      "dependencies": [
        "@octokit/auth-token",
        "@octokit/graphql",
        "@octokit/request",
        "@octokit/request-error",
        "@octokit/types",
        "before-after-hook",
        "universal-user-agent"
      ]
    },
    "@octokit/endpoint@10.1.1": {
      "integrity": "sha512-JYjh5rMOwXMJyUpj028cu0Gbp7qe/ihxfJMLc8VZBMMqSwLgOxDI1911gV4Enl1QSavAQNJcwmwBF9M0VvLh6Q==",
      "dependencies": [
        "@octokit/types",
        "universal-user-agent"
      ]
    },
    "@octokit/graphql@8.1.1": {
      "integrity": "sha512-ukiRmuHTi6ebQx/HFRCXKbDlOh/7xEV6QUXaE7MJEKGNAncGI/STSbOkl12qVXZrfZdpXctx5O9X1AIaebiDBg==",
      "dependencies": [
        "@octokit/request",
        "@octokit/types",
        "universal-user-agent"
      ]
    },
    "@octokit/openapi-types@22.2.0": {
      "integrity": "sha512-QBhVjcUa9W7Wwhm6DBFu6ZZ+1/t/oYxqc2tp81Pi41YNuJinbFRx8B133qVOrAaBbF7D/m0Et6f9/pZt9Rc+tg=="
    },
    "@octokit/request-error@6.1.5": {
      "integrity": "sha512-IlBTfGX8Yn/oFPMwSfvugfncK2EwRLjzbrpifNaMY8o/HTEAFqCA1FZxjD9cWvSKBHgrIhc4CSBIzMxiLsbzFQ==",
      "dependencies": [
        "@octokit/types"
      ]
    },
    "@octokit/request@9.1.3": {
      "integrity": "sha512-V+TFhu5fdF3K58rs1pGUJIDH5RZLbZm5BI+MNF+6o/ssFNT4vWlCh/tVpF3NxGtP15HUxTTMUbsG5llAuU2CZA==",
      "dependencies": [
        "@octokit/endpoint",
        "@octokit/request-error",
        "@octokit/types",
        "universal-user-agent"
      ]
    },
    "@octokit/types@13.6.1": {
      "integrity": "sha512-PHZE9Z+kWXb23Ndik8MKPirBPziOc0D2/3KH1P+6jK5nGWe96kadZuE4jev2/Jq7FvIfTlT2Ltg8Fv2x1v0a5g==",
      "dependencies": [
        "@octokit/openapi-types"
      ]
    },
    "@types/node@22.5.4": {
      "integrity": "sha512-FDuKUJQm/ju9fT/SeX/6+gBzoPzlVCzfzmGkwKvRHQVxi4BntVbyIwf6a4Xn62mrvndLiml6z/UBXIdEVjQLXg==",
      "dependencies": [
        "undici-types"
      ]
    },
    "before-after-hook@3.0.2": {
      "integrity": "sha512-Nik3Sc0ncrMK4UUdXQmAnRtzmNQTAAXmXIopizwZ1W1t8QmfJj+zL4OA2I7XPTPW5z5TDqv4hRo/JzouDJnX3A=="
    },
    "undici-types@6.19.8": {
      "integrity": "sha512-ve2KP6f/JnbPBFyobGHuerC9g1FYGn/F8n1LWTwNxCEzd6IfqTwUQcNXgEtmmQ6DlRrC1hrSrBnCZPokRrDHjw=="
    },
    "universal-user-agent@7.0.2": {
      "integrity": "sha512-0JCqzSKnStlRRQfCdowvqy3cy0Dvtlb8xecj/H8JFZuCze4rwjPZQOgvFvn0Ws/usCHQFGpyr+pB9adaGwXn4Q=="
    }
  },
  "redirects": {
    "https://esm.sh/@octokit/plugin-rest-endpoint-methods": "https://esm.sh/@octokit/plugin-rest-endpoint-methods@13.2.6"
  },
  "remote": {
    "https://deno.land/std@0.203.0/assert/assert.ts": "9a97dad6d98c238938e7540736b826440ad8c1c1e54430ca4c4e623e585607ee",
    "https://deno.land/std@0.203.0/assert/assertion_error.ts": "4d0bde9b374dfbcbe8ac23f54f567b77024fb67dbb1906a852d67fe050d42f56",
    "https://deno.land/std@0.203.0/dotenv/mod.ts": "1da8c6d0e7f7d8a5c2b19400b763bc11739df24acec235dda7ea2cfd3d300057",
    "https://deno.land/std@0.203.0/fs/_util.ts": "fbf57dcdc9f7bc8128d60301eece608246971a7836a3bb1e78da75314f08b978",
    "https://deno.land/std@0.203.0/fs/walk.ts": "a16146724a6aaf9efdb92023a74e9805195c3469900744ce5de4113b07b29779",
    "https://deno.land/std@0.203.0/path/_basename.ts": "057d420c9049821f983f784fd87fa73ac471901fb628920b67972b0f44319343",
    "https://deno.land/std@0.203.0/path/_constants.ts": "e49961f6f4f48039c0dfed3c3f93e963ca3d92791c9d478ac5b43183413136e0",
    "https://deno.land/std@0.203.0/path/_dirname.ts": "355e297236b2218600aee7a5301b937204c62e12da9db4b0b044993d9e658395",
    "https://deno.land/std@0.203.0/path/_extname.ts": "eaaa5aae1acf1f03254d681bd6a8ce42a9cb5b7ff2213a9d4740e8ab31283664",
    "https://deno.land/std@0.203.0/path/_format.ts": "4a99270d6810f082e614309164fad75d6f1a483b68eed97c830a506cc589f8b4",
    "https://deno.land/std@0.203.0/path/_from_file_url.ts": "6eadfae2e6f63ad9ee46b26db4a1b16583055c0392acedfb50ed2fc694b6f581",
    "https://deno.land/std@0.203.0/path/_interface.ts": "6471159dfbbc357e03882c2266d21ef9afdb1e4aa771b0545e90db58a0ba314b",
    "https://deno.land/std@0.203.0/path/_is_absolute.ts": "05dac10b5e93c63198b92e3687baa2be178df5321c527dc555266c0f4f51558c",
    "https://deno.land/std@0.203.0/path/_join.ts": "815f5e85b042285175b1492dd5781240ce126c23bd97bad6b8211fe7129c538e",
    "https://deno.land/std@0.203.0/path/_normalize.ts": "a19ec8706b2707f9dd974662a5cd89fad438e62ab1857e08b314a8eb49a34d81",
    "https://deno.land/std@0.203.0/path/_os.ts": "30b0c2875f360c9296dbe6b7f2d528f0f9c741cecad2e97f803f5219e91b40a2",
    "https://deno.land/std@0.203.0/path/_parse.ts": "0f9b0ff43682dd9964eb1c4398610c4e165d8db9d3ac9d594220217adf480cfa",
    "https://deno.land/std@0.203.0/path/_relative.ts": "27bdeffb5311a47d85be26d37ad1969979359f7636c5cd9fcf05dcd0d5099dc5",
    "https://deno.land/std@0.203.0/path/_resolve.ts": "7a3616f1093735ed327e758313b79c3c04ea921808ca5f19ddf240cb68d0adf6",
    "https://deno.land/std@0.203.0/path/_to_file_url.ts": "a141e4a525303e1a3a0c0571fd024552b5f3553a2af7d75d1ff3a503dcbb66d8",
    "https://deno.land/std@0.203.0/path/_to_namespaced_path.ts": "0d5f4caa2ed98ef7a8786286df6af804b50e38859ae897b5b5b4c8c5930a75c8",
    "https://deno.land/std@0.203.0/path/_util.ts": "4e191b1bac6b3bf0c31aab42e5ca2e01a86ab5a0d2e08b75acf8585047a86221",
    "https://deno.land/std@0.203.0/path/basename.ts": "bdfa5a624c6a45564dc6758ef2077f2822978a6dbe77b0a3514f7d1f81362930",
    "https://deno.land/std@0.203.0/path/common.ts": "ee7505ab01fd22de3963b64e46cff31f40de34f9f8de1fff6a1bd2fe79380000",
    "https://deno.land/std@0.203.0/path/dirname.ts": "b6533f4ee4174a526dec50c279534df5345836dfdc15318400b08c62a62a39dd",
    "https://deno.land/std@0.203.0/path/extname.ts": "62c4b376300795342fe1e4746c0de518b4dc9c4b0b4617bfee62a2973a9555cf",
    "https://deno.land/std@0.203.0/path/format.ts": "110270b238514dd68455a4c54956215a1aff7e37e22e4427b7771cefe1920aa5",
    "https://deno.land/std@0.203.0/path/from_file_url.ts": "9f5cb58d58be14c775ec2e57fc70029ac8b17ed3bd7fe93e475b07280adde0ac",
    "https://deno.land/std@0.203.0/path/glob.ts": "593e2c3573883225c25c5a21aaa8e9382a696b8e175ea20a3b6a1471ad17aaed",
    "https://deno.land/std@0.203.0/path/is_absolute.ts": "0b92eb35a0a8780e9f16f16bb23655b67dace6a8e0d92d42039e518ee38103c1",
    "https://deno.land/std@0.203.0/path/join.ts": "31c5419f23d91655b08ec7aec403f4e4cd1a63d39e28f6e42642ea207c2734f8",
    "https://deno.land/std@0.203.0/path/mod.ts": "6e1efb0b13121463aedb53ea51dabf5639a3172ab58c89900bbb72b486872532",
    "https://deno.land/std@0.203.0/path/normalize.ts": "6ea523e0040979dd7ae2f1be5bf2083941881a252554c0f32566a18b03021955",
    "https://deno.land/std@0.203.0/path/parse.ts": "be8de342bb9e1924d78dc4d93c45215c152db7bf738ec32475560424b119b394",
    "https://deno.land/std@0.203.0/path/posix.ts": "0a1c1952d132323a88736d03e92bd236f3ed5f9f079e5823fae07c8d978ee61b",
    "https://deno.land/std@0.203.0/path/relative.ts": "8bedac226afd360afc45d451a6c29fabceaf32978526bcb38e0c852661f66c61",
    "https://deno.land/std@0.203.0/path/resolve.ts": "133161e4949fc97f9ca67988d51376b0f5eef8968a6372325ab84d39d30b80dc",
    "https://deno.land/std@0.203.0/path/separator.ts": "40a3e9a4ad10bef23bc2cd6c610291b6c502a06237c2c4cd034a15ca78dedc1f",
    "https://deno.land/std@0.203.0/path/to_file_url.ts": "00e6322373dd51ad109956b775e4e72e5f9fa68ce2c6b04e4af2a6eed3825d31",
    "https://deno.land/std@0.203.0/path/to_namespaced_path.ts": "1b1db3055c343ab389901adfbda34e82b7386bcd1c744d54f9c1496ee0fd0c3d",
    "https://deno.land/std@0.203.0/path/win32.ts": "8b3f80ef7a462511d5e8020ff490edcaa0a0d118f1b1e9da50e2916bdd73f9dd",
    "https://esm.sh/@octokit/plugin-rest-endpoint-methods@13.2.6": "f7cd2fbfea199ac6ca529af38bd0a5c20230cc208bb52b7180d46ad2f5b0b878",
    "https://esm.sh/octokit@4.0.2?dts": "62b38bff6663e273c6fd6b2fac4eac95343aec045ee89c94b07db8ad9f71baba",
    "https://esm.sh/v135/@octokit/app@15.0.1/denonext/app.mjs": "7b4084d12d8a2650ebd7c664380cd9e010ffb7d5d012a43444e3569a38737670",
    "https://esm.sh/v135/@octokit/auth-app@7.0.0/denonext/auth-app.mjs": "1bb4b60c13bf1d6ed10ccb5e14ae86cb5f65f92d20e118ee7649911ca46e636a",
    "https://esm.sh/v135/@octokit/auth-oauth-app@8.1.1/denonext/auth-oauth-app.mjs": "3053797c8f7c35a753fad67685d11b45bb57dc032a560d2f1fdc6c26f395c343",
    "https://esm.sh/v135/@octokit/auth-oauth-device@7.0.1/denonext/auth-oauth-device.mjs": "f8b5c89d9db21aa7510584f2182151ddee3aff137541a30bda6af062f6756291",
    "https://esm.sh/v135/@octokit/auth-oauth-device@7.1.1/denonext/auth-oauth-device.mjs": "e36853f66af1f6458c05b024d488d31fe68c0abc3e14289aba2a6dee334d826b",
    "https://esm.sh/v135/@octokit/auth-oauth-user@5.1.0/denonext/auth-oauth-user.mjs": "0d8c5f557f4cd800dcbda3199daafc5c32a624c8fdac58a4794ffee763559b6b",
    "https://esm.sh/v135/@octokit/auth-oauth-user@5.1.1/denonext/auth-oauth-user.mjs": "cdc1f3b62771f69ca140f6ec0e0e8f9c415f35bbaf7360e815ad3c030e974ad0",
    "https://esm.sh/v135/@octokit/auth-token@5.1.0/denonext/auth-token.mjs": "24c22015e586d621821b0acb1b5b82d32c95d1813d264ce8fa3f769ba8806e8c",
    "https://esm.sh/v135/@octokit/auth-unauthenticated@6.1.0/denonext/auth-unauthenticated.mjs": "db364a39d0ef09210c052d57e7b49a311e98e74477de1c223fb75e3d91168d6a",
    "https://esm.sh/v135/@octokit/core@6.1.2/denonext/core.mjs": "2629f0f304f0a8313644ed4ddedbf1c7fbce06e80aadc6f718f6a4b4f401f9d7",
    "https://esm.sh/v135/@octokit/endpoint@10.0.0/denonext/endpoint.mjs": "8d6f16f0b272fc7a20582637a3ffbd29c14f4bf629fafda05c33cf214b0dd716",
    "https://esm.sh/v135/@octokit/endpoint@10.1.0/denonext/endpoint.mjs": "cb307fd4d62518987144d31210f929e67d644c7bcad866cdfde547a528d48e12",
    "https://esm.sh/v135/@octokit/graphql@8.1.0/denonext/graphql.mjs": "a84701c7a52ca92d4b201f7502c3b048bfb3c0be9a131ed04bc736ccab160aba",
    "https://esm.sh/v135/@octokit/oauth-app@7.1.2/denonext/oauth-app.mjs": "f6bd50fbd48dbf0fe5569ef5c9c1168e448fc03b2c1393bbdcd3d35ae8c5a527",
    "https://esm.sh/v135/@octokit/oauth-authorization-url@7.1.0/denonext/oauth-authorization-url.mjs": "7039f7809ff3fc503c5d314ec8cf38e96b9dd303a504161a3f84d21c3a0f28b3",
    "https://esm.sh/v135/@octokit/oauth-methods@5.0.0/denonext/oauth-methods.mjs": "3f3acffcd60c6b4126a161f3d7e741d8e3049abb6f92e1b14a3456149f569dc4",
    "https://esm.sh/v135/@octokit/oauth-methods@5.1.0/denonext/oauth-methods.mjs": "98e336f868d5b229b9b729359076a49ddc075dca5dbb7b712bd2f6d9a9a22245",
    "https://esm.sh/v135/@octokit/plugin-paginate-graphql@5.2.2/denonext/plugin-paginate-graphql.mjs": "dd97a64df173c9e60f97547e8ecf2de6e1f31f95f4c8444ab0686d6f03405a99",
    "https://esm.sh/v135/@octokit/plugin-paginate-rest@11.3.0/denonext/plugin-paginate-rest.mjs": "df8d5c93e370b074d023d7f6e9a344fa53d22e0b5eeade142d0d3dbe07106dc3",
    "https://esm.sh/v135/@octokit/plugin-rest-endpoint-methods@13.2.1/denonext/plugin-rest-endpoint-methods.mjs": "5a8e7e70a718c3bea58caf80247b5f6f04260c21b30305320433a0226149aca7",
    "https://esm.sh/v135/@octokit/plugin-rest-endpoint-methods@13.2.6/denonext/plugin-rest-endpoint-methods.mjs": "7b7edde1815bc78fabf670593f439f7a811edc9a585562082c0badccfd3c471f",
    "https://esm.sh/v135/@octokit/plugin-retry@7.1.1/denonext/plugin-retry.mjs": "5adb1aecd2f8c2933c7094982e6682bc566d65404d47566f917fb21afb987915",
    "https://esm.sh/v135/@octokit/plugin-throttling@9.3.0/denonext/plugin-throttling.mjs": "3656b36b508e2aab5ba35155ca2419433de4835b4882d9a4757a31771ef7a7e8",
    "https://esm.sh/v135/@octokit/request-error@6.0.2/denonext/request-error.mjs": "d25f73ba0f75f4ed9830caa96bffc7e36a73e51c0777caa8f436af3ede1cb116",
    "https://esm.sh/v135/@octokit/request-error@6.1.0/denonext/request-error.mjs": "271a5a47ff4c05bf414443880c68fcc4c75e4da7c0e2caab1a4998fe4b6961b3",
    "https://esm.sh/v135/@octokit/request-error@6.1.1/denonext/request-error.mjs": "defc383caa2ab78f4f13d0d4bdec0695d0631ee68b2e7c4c6527dbfcecf5a4e1",
    "https://esm.sh/v135/@octokit/request@9.0.1/denonext/request.mjs": "150c8b8f650bcb2567a3e30906871234b1f449cd3765af418d15e08767bea449",
    "https://esm.sh/v135/@octokit/request@9.1.0/denonext/request.mjs": "cc64353d55ef0f89428c9d752e57adad51e8dc7e03884f6086f8b953f781ae3e",
    "https://esm.sh/v135/@octokit/request@9.1.1/denonext/request.mjs": "244ea781a56043a408039581a4ccedd65a434c1311a21c1893cb546bfc2dd3d5",
    "https://esm.sh/v135/@octokit/webhooks-methods@5.1.0/denonext/webhooks-methods.mjs": "919b7b8fa563f73b622638845f78fb2fe7cda819980c8fb4247b75ad016c40c4",
    "https://esm.sh/v135/@octokit/webhooks@13.2.6/denonext/webhooks.mjs": "d9399dfe1955d21fcbd08e4c295425ac013a339729354ec5c126688534bfccc9",
    "https://esm.sh/v135/aggregate-error@5.0.0/denonext/aggregate-error.mjs": "900759836bccf4093f090df491ef30fae123064a9b894ad6ad93950f3b434b40",
    "https://esm.sh/v135/before-after-hook@3.0.2/denonext/before-after-hook.mjs": "cf2363bb9be543fadd912087b89d461082fd2ee66a9a3cc81fbeeea11aea8c32",
    "https://esm.sh/v135/bottleneck@2.19.5/denonext/light.js": "964cbaaa1bf999d34a2410023ae269f921c82c72009c707a1fd02fb6abad5b1d",
    "https://esm.sh/v135/clean-stack@5.2.0/denonext/clean-stack.mjs": "9f464fabd8ed985b76a8bf016f9cd42a65265853670c0b05b360fd81376809b1",
    "https://esm.sh/v135/escape-string-regexp@5.0.0/denonext/escape-string-regexp.mjs": "6080dd39c43a11f999a41172a27b8c58572d747d8276c039d93d4be8b21747a5",
    "https://esm.sh/v135/indent-string@5.0.0/denonext/indent-string.mjs": "8daccc9d45d018c7da7f17c76cf1b4ffd61de4dd7c06537e5930ff9c3386e676",
    "https://esm.sh/v135/lru-cache@10.2.2/denonext/lru-cache.mjs": "f7234fd467daefbdde676c26248bc381b91aa1d78274790f757ed2983e7793de",
    "https://esm.sh/v135/octokit@4.0.2/denonext/octokit.mjs": "7b615515660d3d1b3024e07e51ef0d5625c4a3f6de04b0e1756796d6fe5914c4",
    "https://esm.sh/v135/universal-github-app-jwt@2.1.0/denonext/universal-github-app-jwt.mjs": "08710f74b4aad214153631556c583da5489523be1d341da1dc61d167deb08724",
    "https://esm.sh/v135/universal-user-agent@7.0.2/denonext/universal-user-agent.mjs": "c95431a8f6a7593e78b18ba137d1ae8fb8e2c7ebbcfc55c3d2cf1c9667ae8554"
  }
}
